// !$*UTF8*$!
{
	archiveVersion = 1;
	classes = {
	};
	objectVersion = 50;
	objects = {

/* Begin PBXBuildFile section */
		F62ADC5422B1676C006A705E /* AppDelegate.swift in Sources */ = {isa = PBXBuildFile; fileRef = F62ADC5322B1676C006A705E /* AppDelegate.swift */; };
		F62ADC5622B1676C006A705E /* ViewController.swift in Sources */ = {isa = PBXBuildFile; fileRef = F62ADC5522B1676C006A705E /* ViewController.swift */; };
		F62ADC5922B1676C006A705E /* Main.storyboard in Resources */ = {isa = PBXBuildFile; fileRef = F62ADC5722B1676C006A705E /* Main.storyboard */; };
		F62ADC5C22B1676C006A705E /* CoreDataSample.xcdatamodeld in Sources */ = {isa = PBXBuildFile; fileRef = F62ADC5A22B1676C006A705E /* CoreDataSample.xcdatamodeld */; };
		F62ADC5E22B1676D006A705E /* Assets.xcassets in Resources */ = {isa = PBXBuildFile; fileRef = F62ADC5D22B1676D006A705E /* Assets.xcassets */; };
		F62ADC6122B1676D006A705E /* LaunchScreen.storyboard in Resources */ = {isa = PBXBuildFile; fileRef = F62ADC5F22B1676D006A705E /* LaunchScreen.storyboard */; };
		F62ADC6922B1678C006A705E /* User.swift in Sources */ = {isa = PBXBuildFile; fileRef = F62ADC6822B1678C006A705E /* User.swift */; };
		F6A60A7F22B2E3FD0033E922 /* DecodableManagedObject.swift in Sources */ = {isa = PBXBuildFile; fileRef = F6A60A7E22B2E3FD0033E922 /* DecodableManagedObject.swift */; };
/* End PBXBuildFile section */

/* Begin PBXFileReference section */
		F62ADC5022B1676C006A705E /* CoreDataSample.app */ = {isa = PBXFileReference; explicitFileType = wrapper.application; includeInIndex = 0; path = CoreDataSample.app; sourceTree = BUILT_PRODUCTS_DIR; };
		F62ADC5322B1676C006A705E /* AppDelegate.swift */ = {isa = PBXFileReference; lastKnownFileType = sourcecode.swift; path = AppDelegate.swift; sourceTree = "<group>"; };
		F62ADC5522B1676C006A705E /* ViewController.swift */ = {isa = PBXFileReference; lastKnownFileType = sourcecode.swift; path = ViewController.swift; sourceTree = "<group>"; };
		F62ADC5822B1676C006A705E /* Base */ = {isa = PBXFileReference; lastKnownFileType = file.storyboard; name = Base; path = Base.lproj/Main.storyboard; sourceTree = "<group>"; };
		F62ADC5B22B1676C006A705E /* CoreDataSample.xcdatamodel */ = {isa = PBXFileReference; lastKnownFileType = wrapper.xcdatamodel; path = CoreDataSample.xcdatamodel; sourceTree = "<group>"; };
		F62ADC5D22B1676D006A705E /* Assets.xcassets */ = {isa = PBXFileReference; lastKnownFileType = folder.assetcatalog; path = Assets.xcassets; sourceTree = "<group>"; };
		F62ADC6022B1676D006A705E /* Base */ = {isa = PBXFileReference; lastKnownFileType = file.storyboard; name = Base; path = Base.lproj/LaunchScreen.storyboard; sourceTree = "<group>"; };
		F62ADC6222B1676D006A705E /* Info.plist */ = {isa = PBXFileReference; lastKnownFileType = text.plist.xml; path = Info.plist; sourceTree = "<group>"; };
		F62ADC6822B1678C006A705E /* User.swift */ = {isa = PBXFileReference; lastKnownFileType = sourcecode.swift; path = User.swift; sourceTree = "<group>"; };
		F6A60A7E22B2E3FD0033E922 /* DecodableManagedObject.swift */ = {isa = PBXFileReference; lastKnownFileType = sourcecode.swift; path = DecodableManagedObject.swift; sourceTree = "<group>"; };
/* End PBXFileReference section */

/* Begin PBXFrameworksBuildPhase section */
		F62ADC4D22B1676C006A705E /* Frameworks */ = {
			isa = PBXFrameworksBuildPhase;
			buildActionMask = 2147483647;
			files = (
			);
			runOnlyForDeploymentPostprocessing = 0;
		};
/* End PBXFrameworksBuildPhase section */

/* Begin PBXGroup section */
		F62ADC4722B1676C006A705E = {
			isa = PBXGroup;
			children = (
				F62ADC5222B1676C006A705E /* CoreDataSample */,
				F62ADC5122B1676C006A705E /* Products */,
			);
			sourceTree = "<group>";
		};
		F62ADC5122B1676C006A705E /* Products */ = {
			isa = PBXGroup;
			children = (
				F62ADC5022B1676C006A705E /* CoreDataSample.app */,
			);
			name = Products;
			sourceTree = "<group>";
		};
		F62ADC5222B1676C006A705E /* CoreDataSample */ = {
			isa = PBXGroup;
			children = (
				F62ADC5322B1676C006A705E /* AppDelegate.swift */,
				F62ADC5522B1676C006A705E /* ViewController.swift */,
				F62ADC5722B1676C006A705E /* Main.storyboard */,
				F62ADC5D22B1676D006A705E /* Assets.xcassets */,
				F62ADC5F22B1676D006A705E /* LaunchScreen.storyboard */,
				F62ADC6222B1676D006A705E /* Info.plist */,
				F62ADC5A22B1676C006A705E /* CoreDataSample.xcdatamodeld */,
				F62ADC6822B1678C006A705E /* User.swift */,
				F6A60A7E22B2E3FD0033E922 /* DecodableManagedObject.swift */,
			);
			path = CoreDataSample;
			sourceTree = "<group>";
		};
/* End PBXGroup section */

/* Begin PBXNativeTarget section */
		F62ADC4F22B1676C006A705E /* CoreDataSample */ = {
			isa = PBXNativeTarget;
			buildConfigurationList = F62ADC6522B1676D006A705E /* Build configuration list for PBXNativeTarget "CoreDataSample" */;
			buildPhases = (
				F62ADC4C22B1676C006A705E /* Sources */,
				F62ADC4D22B1676C006A705E /* Frameworks */,
				F62ADC4E22B1676C006A705E /* Resources */,
			);
			buildRules = (
			);
			dependencies = (
			);
			name = CoreDataSample;
			productName = CoreDataSample;
			productReference = F62ADC5022B1676C006A705E /* CoreDataSample.app */;
			productType = "com.apple.product-type.application";
		};
/* End PBXNativeTarget section */

/* Begin PBXProject section */
		F62ADC4822B1676C006A705E /* Project object */ = {
			isa = PBXProject;
			attributes = {
				LastSwiftUpdateCheck = 1020;
				LastUpgradeCheck = 1020;
				ORGANIZATIONNAME = FIS;
				TargetAttributes = {
					F62ADC4F22B1676C006A705E = {
						CreatedOnToolsVersion = 10.2.1;
					};
				};
			};
			buildConfigurationList = F62ADC4B22B1676C006A705E /* Build configuration list for PBXProject "CoreDataSample" */;
			compatibilityVersion = "Xcode 9.3";
			developmentRegion = en;
			hasScannedForEncodings = 0;
			knownRegions = (
				en,
				Base,
			);
			mainGroup = F62ADC4722B1676C006A705E;
			productRefGroup = F62ADC5122B1676C006A705E /* Products */;
			projectDirPath = "";
			projectRoot = "";
			targets = (
				F62ADC4F22B1676C006A705E /* CoreDataSample */,
			);
		};
/* End PBXProject section */

/* Begin PBXResourcesBuildPhase section */
		F62ADC4E22B1676C006A705E /* Resources */ = {
			isa = PBXResourcesBuildPhase;
			buildActionMask = 2147483647;
			files = (
				F62ADC6122B1676D006A705E /* LaunchScreen.storyboard in Resources */,
				F62ADC5E22B1676D006A705E /* Assets.xcassets in Resources */,
				F62ADC5922B1676C006A705E /* Main.storyboard in Resources */,
			);
			runOnlyForDeploymentPostprocessing = 0;
		};
/* End PBXResourcesBuildPhase section */

/* Begin PBXSourcesBuildPhase section */
		F62ADC4C22B1676C006A705E /* Sources */ = {
			isa = PBXSourcesBuildPhase;
			buildActionMask = 2147483647;
			files = (
				F62ADC6922B1678C006A705E /* User.swift in Sources */,
				F62ADC5622B1676C006A705E /* ViewController.swift in Sources */,
				F6A60A7F22B2E3FD0033E922 /* DecodableManagedObject.swift in Sources */,
				F62ADC5C22B1676C006A705E /* CoreDataSample.xcdatamodeld in Sources */,
				F62ADC5422B1676C006A705E /* AppDelegate.swift in Sources */,
			);
			runOnlyForDeploymentPostprocessing = 0;
		};
/* End PBXSourcesBuildPhase section */

/* Begin PBXVariantGroup section */
		F62ADC5722B1676C006A705E /* Main.storyboard */ = {
			isa = PBXVariantGroup;
			children = (
				F62ADC5822B1676C006A705E /* Base */,
			);
			name = Main.storyboard;
			sourceTree = "<group>";
		};
		F62ADC5F22B1676D006A705E /* LaunchScreen.storyboard */ = {
			isa = PBXVariantGroup;
			children = (
				F62ADC6022B1676D006A705E /* Base */,
			);
			name = LaunchScreen.storyboard;
			sourceTree = "<group>";
		};
/* End PBXVariantGroup section */

/* Begin XCBuildConfiguration section */
		F62ADC6322B1676D006A705E /* Debug */ = {
			isa = XCBuildConfiguration;
			buildSettings = {
				ALWAYS_SEARCH_USER_PATHS = NO;
				CLANG_ANALYZER_NONNULL = YES;
				CLANG_ANALYZER_NUMBER_OBJECT_CONVERSION = YES_AGGRESSIVE;
				CLANG_CXX_LANGUAGE_STANDARD = "gnu++14";
				CLANG_CXX_LIBRARY = "libc++";
				CLANG_ENABLE_MODULES = YES;
				CLANG_ENABLE_OBJC_ARC = YES;
				CLANG_ENABLE_OBJC_WEAK = YES;
				CLANG_WARN_BLOCK_CAPTURE_AUTORELEASING = YES;
				CLANG_WARN_BOOL_CONVERSION = YES;
				CLANG_WARN_COMMA = YES;
				CLANG_WARN_CONSTANT_CONVERSION = YES;
				CLANG_WARN_DEPRECATED_OBJC_IMPLEMENTATIONS = YES;
				CLANG_WARN_DIRECT_OBJC_ISA_USAGE = YES_ERROR;
				CLANG_WARN_DOCUMENTATION_COMMENTS = YES;
				CLANG_WARN_EMPTY_BODY = YES;
				CLANG_WARN_ENUM_CONVERSION = YES;
				CLANG_WARN_INFINITE_RECURSION = YES;
				CLANG_WARN_INT_CONVERSION = YES;
				CLANG_WARN_NON_LITERAL_NULL_CONVERSION = YES;
				CLANG_WARN_OBJC_IMPLICIT_RETAIN_SELF = YES;
				CLANG_WARN_OBJC_LITERAL_CONVERSION = YES;
				CLANG_WARN_OBJC_ROOT_CLASS = YES_ERROR;
				CLANG_WARN_RANGE_LOOP_ANALYSIS = YES;
				CLANG_WARN_STRICT_PROTOTYPES = YES;
				CLANG_WARN_SUSPICIOUS_MOVE = YES;
				CLANG_WARN_UNGUARDED_AVAILABILITY = YES_AGGRESSIVE;
				CLANG_WARN_UNREACHABLE_CODE = YES;
				CLANG_WARN__DUPLICATE_METHOD_MATCH = YES;
				CODE_SIGN_IDENTITY = "iPhone Developer";
				COPY_PHASE_STRIP = NO;
				DEBUG_INFORMATION_FORMAT = dwarf;
				ENABLE_STRICT_OBJC_MSGSEND = YES;
				ENABLE_TESTABILITY = YES;
				GCC_C_LANGUAGE_STANDARD = gnu11;
				GCC_DYNAMIC_NO_PIC = NO;
				GCC_NO_COMMON_BLOCKS = YES;
				GCC_OPTIMIZATION_LEVEL = 0;
				GCC_PREPROCESSOR_DEFINITIONS = (
					"DEBUG=1",
					"$(inherited)",
				);
				GCC_WARN_64_TO_32_BIT_CONVERSION = YES;
				GCC_WARN_ABOUT_RETURN_TYPE = YES_ERROR;
				GCC_WARN_UNDECLARED_SELECTOR = YES;
				GCC_WARN_UNINITIALIZED_AUTOS = YES_AGGRESSIVE;
				GCC_WARN_UNUSED_FUNCTION = YES;
				GCC_WARN_UNUSED_VARIABLE = YES;
				IPHONEOS_DEPLOYMENT_TARGET = 12.2;
				MTL_ENABLE_DEBUG_INFO = INCLUDE_SOURCE;
				MTL_FAST_MATH = YES;
				ONLY_ACTIVE_ARCH = YES;
				SDKROOT = iphoneos;
				SWIFT_ACTIVE_COMPILATION_CONDITIONS = DEBUG;
				SWIFT_OPTIMIZATION_LEVEL = "-Onone";
			};
			name = Debug;
		};
		F62ADC6422B1676D006A705E /* Release */ = {
			isa = XCBuildConfiguration;
			buildSettings = {
				ALWAYS_SEARCH_USER_PATHS = NO;
				CLANG_ANALYZER_NONNULL = YES;
				CLANG_ANALYZER_NUMBER_OBJECT_CONVERSION = YES_AGGRESSIVE;
				CLANG_CXX_LANGUAGE_STANDARD = "gnu++14";
				CLANG_CXX_LIBRARY = "libc++";
				CLANG_ENABLE_MODULES = YES;
				CLANG_ENABLE_OBJC_ARC = YES;
				CLANG_ENABLE_OBJC_WEAK = YES;
				CLANG_WARN_BLOCK_CAPTURE_AUTORELEASING = YES;
				CLANG_WARN_BOOL_CONVERSION = YES;
				CLANG_WARN_COMMA = YES;
				CLANG_WARN_CONSTANT_CONVERSION = YES;
				CLANG_WARN_DEPRECATED_OBJC_IMPLEMENTATIONS = YES;
				CLANG_WARN_DIRECT_OBJC_ISA_USAGE = YES_ERROR;
				CLANG_WARN_DOCUMENTATION_COMMENTS = YES;
				CLANG_WARN_EMPTY_BODY = YES;
				CLANG_WARN_ENUM_CONVERSION = YES;
				CLANG_WARN_INFINITE_RECURSION = YES;
				CLANG_WARN_INT_CONVERSION = YES;
				CLANG_WARN_NON_LITERAL_NULL_CONVERSION = YES;
				CLANG_WARN_OBJC_IMPLICIT_RETAIN_SELF = YES;
				CLANG_WARN_OBJC_LITERAL_CONVERSION = YES;
				CLANG_WARN_OBJC_ROOT_CLASS = YES_ERROR;
				CLANG_WARN_RANGE_LOOP_ANALYSIS = YES;
				CLANG_WARN_STRICT_PROTOTYPES = YES;
				CLANG_WARN_SUSPICIOUS_MOVE = YES;
				CLANG_WARN_UNGUARDED_AVAILABILITY = YES_AGGRESSIVE;
				CLANG_WARN_UNREACHABLE_CODE = YES;
				CLANG_WARN__DUPLICATE_METHOD_MATCH = YES;
				CODE_SIGN_IDENTITY = "iPhone Developer";
				COPY_PHASE_STRIP = NO;
				DEBUG_INFORMATION_FORMAT = "dwarf-with-dsym";
				ENABLE_NS_ASSERTIONS = NO;
				ENABLE_STRICT_OBJC_MSGSEND = YES;
				GCC_C_LANGUAGE_STANDARD = gnu11;
				GCC_NO_COMMON_BLOCKS = YES;
				GCC_WARN_64_TO_32_BIT_CONVERSION = YES;
				GCC_WARN_ABOUT_RETURN_TYPE = YES_ERROR;
				GCC_WARN_UNDECLARED_SELECTOR = YES;
				GCC_WARN_UNINITIALIZED_AUTOS = YES_AGGRESSIVE;
				GCC_WARN_UNUSED_FUNCTION = YES;
				GCC_WARN_UNUSED_VARIABLE = YES;
				IPHONEOS_DEPLOYMENT_TARGET = 12.2;
				MTL_ENABLE_DEBUG_INFO = NO;
				MTL_FAST_MATH = YES;
				SDKROOT = iphoneos;
				SWIFT_COMPILATION_MODE = wholemodule;
				SWIFT_OPTIMIZATION_LEVEL = "-O";
				VALIDATE_PRODUCT = YES;
			};
			name = Release;
		};
		F62ADC6622B1676D006A705E /* Debug */ = {
			isa = XCBuildConfiguration;
			buildSettings = {
				ASSETCATALOG_COMPILER_APPICON_NAME = AppIcon;
				CODE_SIGN_STYLE = Automatic;
				DEVELOPMENT_TEAM = S6JG4MRLZH;
				INFOPLIST_FILE = CoreDataSample/Info.plist;
				LD_RUNPATH_SEARCH_PATHS = (
					"$(inherited)",
					"@executable_path/Frameworks",
				);
				PRODUCT_BUNDLE_IDENTIFIER = com.juanjogramo.CoreDataSample;
				PRODUCT_NAME = "$(TARGET_NAME)";
				SWIFT_VERSION = 5.0;
				TARGETED_DEVICE_FAMILY = "1,2";
			};
			name = Debug;
		};
		F62ADC6722B1676D006A705E /* Release */ = {
			isa = XCBuildConfiguration;
			buildSettings = {
				ASSETCATALOG_COMPILER_APPICON_NAME = AppIcon;
				CODE_SIGN_STYLE = Automatic;
				DEVELOPMENT_TEAM = S6JG4MRLZH;
				INFOPLIST_FILE = CoreDataSample/Info.plist;
				LD_RUNPATH_SEARCH_PATHS = (
					"$(inherited)",
					"@executable_path/Frameworks",
				);
				PRODUCT_BUNDLE_IDENTIFIER = com.juanjogramo.CoreDataSample;
				PRODUCT_NAME = "$(TARGET_NAME)";
				SWIFT_VERSION = 5.0;
				TARGETED_DEVICE_FAMILY = "1,2";
			};
			name = Release;
		};
/* End XCBuildConfiguration section */

/* Begin XCConfigurationList section */
		F62ADC4B22B1676C006A705E /* Build configuration list for PBXProject "CoreDataSample" */ = {
			isa = XCConfigurationList;
			buildConfigurations = (
				F62ADC6322B1676D006A705E /* Debug */,
				F62ADC6422B1676D006A705E /* Release */,
			);
			defaultConfigurationIsVisible = 0;
			defaultConfigurationName = Release;
		};
		F62ADC6522B1676D006A705E /* Build configuration list for PBXNativeTarget "CoreDataSample" */ = {
			isa = XCConfigurationList;
			buildConfigurations = (
				F62ADC6622B1676D006A705E /* Debug */,
				F62ADC6722B1676D006A705E /* Release */,
			);
			defaultConfigurationIsVisible = 0;
			defaultConfigurationName = Release;
		};
/* End XCConfigurationList section */

/* Begin XCVersionGroup section */
		F62ADC5A22B1676C006A705E /* CoreDataSample.xcdatamodeld */ = {
			isa = XCVersionGroup;
			children = (
				F62ADC5B22B1676C006A705E /* CoreDataSample.xcdatamodel */,
			);
			currentVersion = F62ADC5B22B1676C006A705E /* CoreDataSample.xcdatamodel */;
			path = CoreDataSample.xcdatamodeld;
			sourceTree = "<group>";
			versionGroupType = wrapper.xcdatamodel;
		};
/* End XCVersionGroup section */
	};
	rootObject = F62ADC4822B1676C006A705E /* Project object */;
}
